
Microsoft Visual Studio Solution File, Format Version 12.00
# Visual Studio 15
VisualStudioVersion = 15.0.28010.2041
MinimumVisualStudioVersion = 10.0.40219.1
Project("{FAE04EC0-301F-11D3-BF4B-00C04F79EFBC}") = "WcfAutokauppa", "WcfAutokauppa\WcfAutokauppa.csproj", "{C74AC43D-5931-4FC7-BE7F-1FE0F01A046E}"
EndProject
Global
	GlobalSection(SolutionConfigurationPlatforms) = preSolution
		Debug|Any CPU = Debug|Any CPU
		Release|Any CPU = Release|Any CPU
	EndGlobalSection
	GlobalSection(ProjectConfigurationPlatforms) = postSolution
		{C74AC43D-5931-4FC7-BE7F-1FE0F01A046E}.Debug|Any CPU.ActiveCfg = Debug|Any CPU
		{C74AC43D-5931-4FC7-BE7F-1FE0F01A046E}.Debug|Any CPU.Build.0 = Debug|Any CPU
		{C74AC43D-5931-4FC7-BE7F-1FE0F01A046E}.Release|Any CPU.ActiveCfg = Release|Any CPU
		{C74AC43D-5931-4FC7-BE7F-1FE0F01A046E}.Release|Any CPU.Build.0 = Release|Any CPU
	EndGlobalSection
	GlobalSection(SolutionProperties) = preSolution
		HideSolutionNode = FALSE
	EndGlobalSection
	GlobalSection(ExtensibilityGlobals) = postSolution
		SolutionGuid = {67C753FF-BE35-4F5A-AA17-CEC263A3512D}
	EndGlobalSection
EndGlobal
